
Microsoft Visual Studio Solution File, Format Version 12.00
# Visual Studio Version 17
VisualStudioVersion = 17.13.35731.43 d17.13
MinimumVisualStudioVersion = 10.0.40219.1
Project("{FAE04EC0-301F-11D3-BF4B-00C04F79EFBC}") = "Extensions.FluentValidation.Brazil", "Extensions.FluentValidation.Brazil.csproj", "{D0C4D8FD-9EBB-4A2E-99B0-F2586ABA0692}"
EndProject
Project("{FAE04EC0-301F-11D3-BF4B-00C04F79EFBC}") = "Extensions.FluentValidation.Brazil.Tests", "..\Extensions.FluentValidation.Brazil.Tests\Extensions.FluentValidation.Brazil.Tests.csproj", "{AA9C1542-51CF-40D5-9222-730069702B2A}"
EndProject
Global
	GlobalSection(SolutionConfigurationPlatforms) = preSolution
		Debug|Any CPU = Debug|Any CPU
		Release|Any CPU = Release|Any CPU
	EndGlobalSection
	GlobalSection(ProjectConfigurationPlatforms) = postSolution
		{D0C4D8FD-9EBB-4A2E-99B0-F2586ABA0692}.Debug|Any CPU.ActiveCfg = Debug|Any CPU
		{D0C4D8FD-9EBB-4A2E-99B0-F2586ABA0692}.Debug|Any CPU.Build.0 = Debug|Any CPU
		{D0C4D8FD-9EBB-4A2E-99B0-F2586ABA0692}.Release|Any CPU.ActiveCfg = Release|Any CPU
		{D0C4D8FD-9EBB-4A2E-99B0-F2586ABA0692}.Release|Any CPU.Build.0 = Release|Any CPU
		{AA9C1542-51CF-40D5-9222-730069702B2A}.Debug|Any CPU.ActiveCfg = Debug|Any CPU
		{AA9C1542-51CF-40D5-9222-730069702B2A}.Debug|Any CPU.Build.0 = Debug|Any CPU
		{AA9C1542-51CF-40D5-9222-730069702B2A}.Release|Any CPU.ActiveCfg = Release|Any CPU
		{AA9C1542-51CF-40D5-9222-730069702B2A}.Release|Any CPU.Build.0 = Release|Any CPU
	EndGlobalSection
	GlobalSection(SolutionProperties) = preSolution
		HideSolutionNode = FALSE
	EndGlobalSection
	GlobalSection(ExtensibilityGlobals) = postSolution
		SolutionGuid = {E2A1477A-A7F9-4BA5-A0E8-B65F9EF1A44A}
	EndGlobalSection
EndGlobal
