
Microsoft Visual Studio Solution File, Format Version 12.00
# Visual Studio Version 17
VisualStudioVersion = 17.13.35731.43
MinimumVisualStudioVersion = 10.0.40219.1
Project("{FAE04EC0-301F-11D3-BF4B-00C04F79EFBC}") = "Extensions.FluentValidation.Brazil", "src\Extensions.FluentValidation.Brazil\Extensions.FluentValidation.Brazil.csproj", "{1B01B434-2FBC-00F8-6AF2-E7BA6C3CD388}"
EndProject
Project("{FAE04EC0-301F-11D3-BF4B-00C04F79EFBC}") = "Extensions.FluentValidation.Brazil.Tests", "Tests\Extensions.FluentValidation.Brazil.Tests.csproj", "{D9965BA5-7DB2-CB5C-9F7B-31563AB75676}"
EndProject
Global
	GlobalSection(SolutionConfigurationPlatforms) = preSolution
		Debug|Any CPU = Debug|Any CPU
		Release|Any CPU = Release|Any CPU
	EndGlobalSection
	GlobalSection(ProjectConfigurationPlatforms) = postSolution
		{1B01B434-2FBC-00F8-6AF2-E7BA6C3CD388}.Debug|Any CPU.ActiveCfg = Debug|Any CPU
		{1B01B434-2FBC-00F8-6AF2-E7BA6C3CD388}.Debug|Any CPU.Build.0 = Debug|Any CPU
		{1B01B434-2FBC-00F8-6AF2-E7BA6C3CD388}.Release|Any CPU.ActiveCfg = Release|Any CPU
		{1B01B434-2FBC-00F8-6AF2-E7BA6C3CD388}.Release|Any CPU.Build.0 = Release|Any CPU
		{D9965BA5-7DB2-CB5C-9F7B-31563AB75676}.Debug|Any CPU.ActiveCfg = Debug|Any CPU
		{D9965BA5-7DB2-CB5C-9F7B-31563AB75676}.Debug|Any CPU.Build.0 = Debug|Any CPU
		{D9965BA5-7DB2-CB5C-9F7B-31563AB75676}.Release|Any CPU.ActiveCfg = Release|Any CPU
		{D9965BA5-7DB2-CB5C-9F7B-31563AB75676}.Release|Any CPU.Build.0 = Release|Any CPU
	EndGlobalSection
	GlobalSection(SolutionProperties) = preSolution
		HideSolutionNode = FALSE
	EndGlobalSection
	GlobalSection(ExtensibilityGlobals) = postSolution
		SolutionGuid = {E2A1477A-A7F9-4BA5-A0E8-B65F9EF1A44A}
	EndGlobalSection
EndGlobal
